PODS:
  - device_info_plus (0.0.1):
    - Flutter
  - Flutter (1.0.0)
  - flutter_web_auth_2 (3.0.0):
    - Flutter
  - home_widget (0.0.1):
    - Flutter

DEPENDENCIES:
  - device_info_plus (from `.symlinks/plugins/device_info_plus/ios`)
  - Flutter (from `Flutter`)
  - flutter_web_auth_2 (from `.symlinks/plugins/flutter_web_auth_2/ios`)
  - home_widget (from `.symlinks/plugins/home_widget/ios`)

EXTERNAL SOURCES:
  device_info_plus:
    :path: ".symlinks/plugins/device_info_plus/ios"
  Flutter:
    :path: Flutter
  flutter_web_auth_2:
    :path: ".symlinks/plugins/flutter_web_auth_2/ios"
  home_widget:
    :path: ".symlinks/plugins/home_widget/ios"

SPEC CHECKSUMS:
  device_info_plus: 71ffc6ab7634ade6267c7a93088ed7e4f74e5896
  Flutter: cabc95a1d2626b1b06e7179b784ebcf0c0cde467
  flutter_web_auth_2: 5c8d9dcd7848b5a9efb086d24e7a9adcae979c80
  home_widget: f169fc41fd807b4d46ab6615dc44d62adbf9f64f

PODFILE CHECKSUM: 28e51faea08eb6038cc71f3d3f5911c3e6a6c21e

COCOAPODS: 1.16.2
